<<<<<<< HEAD
﻿
Microsoft Visual Studio Solution File, Format Version 12.00
# Visual Studio 15
VisualStudioVersion = 15.0.27004.2005
MinimumVisualStudioVersion = 10.0.40219.1
Project("{FAE04EC0-301F-11D3-BF4B-00C04F79EFBC}") = "ITWEBExercise5", "ITWEBExercise5.csproj", "{BDCD4B5A-7479-4E03-9060-8C4873118146}"
EndProject
Global
	GlobalSection(SolutionConfigurationPlatforms) = preSolution
		Debug|Any CPU = Debug|Any CPU
		Release|Any CPU = Release|Any CPU
	EndGlobalSection
	GlobalSection(ProjectConfigurationPlatforms) = postSolution
		{BDCD4B5A-7479-4E03-9060-8C4873118146}.Debug|Any CPU.ActiveCfg = Debug|Any CPU
		{BDCD4B5A-7479-4E03-9060-8C4873118146}.Debug|Any CPU.Build.0 = Debug|Any CPU
		{BDCD4B5A-7479-4E03-9060-8C4873118146}.Release|Any CPU.ActiveCfg = Release|Any CPU
		{BDCD4B5A-7479-4E03-9060-8C4873118146}.Release|Any CPU.Build.0 = Release|Any CPU
	EndGlobalSection
	GlobalSection(SolutionProperties) = preSolution
		HideSolutionNode = FALSE
	EndGlobalSection
	GlobalSection(ExtensibilityGlobals) = postSolution
		SolutionGuid = {38E7DF8F-356C-44D3-97AC-EAC36361667E}
	EndGlobalSection
EndGlobal
=======
﻿
Microsoft Visual Studio Solution File, Format Version 12.00
# Visual Studio 15
VisualStudioVersion = 15.0.27004.2005
MinimumVisualStudioVersion = 10.0.40219.1
Project("{9A19103F-16F7-4668-BE54-9A1E7A4F7556}") = "ITWEBExercise5", "ITWEBExercise5.csproj", "{BDCD4B5A-7479-4E03-9060-8C4873118146}"
EndProject
Global
	GlobalSection(SolutionConfigurationPlatforms) = preSolution
		Debug|Any CPU = Debug|Any CPU
		Release|Any CPU = Release|Any CPU
	EndGlobalSection
	GlobalSection(ProjectConfigurationPlatforms) = postSolution
		{BDCD4B5A-7479-4E03-9060-8C4873118146}.Debug|Any CPU.ActiveCfg = Debug|Any CPU
		{BDCD4B5A-7479-4E03-9060-8C4873118146}.Debug|Any CPU.Build.0 = Debug|Any CPU
		{BDCD4B5A-7479-4E03-9060-8C4873118146}.Release|Any CPU.ActiveCfg = Release|Any CPU
		{BDCD4B5A-7479-4E03-9060-8C4873118146}.Release|Any CPU.Build.0 = Release|Any CPU
	EndGlobalSection
	GlobalSection(SolutionProperties) = preSolution
		HideSolutionNode = FALSE
	EndGlobalSection
	GlobalSection(ExtensibilityGlobals) = postSolution
		SolutionGuid = {38E7DF8F-356C-44D3-97AC-EAC36361667E}
	EndGlobalSection
EndGlobal
>>>>>>> e307d8f2bee7c157d6ae6073ac6aa77a211babff
